
Microsoft Visual Studio Solution File, Format Version 12.00
# Visual Studio 15
VisualStudioVersion = 15.0.28306.52
MinimumVisualStudioVersion = 10.0.40219.1
Project("{FAE04EC0-301F-11D3-BF4B-00C04F79EFBC}") = "HeyMe.Android", "HeyMe\HeyMe.Android\HeyMe.Android.csproj", "{F6FB55FE-B98D-4ACF-BA2B-51125E5DDF73}"
EndProject
Project("{FAE04EC0-301F-11D3-BF4B-00C04F79EFBC}") = "HeyMe.iOS", "HeyMe\HeyMe.iOS\HeyMe.iOS.csproj", "{4686794E-669D-46E1-927D-BA0D1E0D611F}"
EndProject
Project("{FAE04EC0-301F-11D3-BF4B-00C04F79EFBC}") = "HeyMe.UWP", "HeyMe\HeyMe.UWP\HeyMe.UWP.csproj", "{7299D508-6C15-40A9-9A84-0E6A269BF903}"
EndProject
Project("{9A19103F-16F7-4668-BE54-9A1E7A4F7556}") = "HeyMe", "HeyMe\HeyMe\HeyMe.csproj", "{5E079E5E-C234-43A4-A606-094F91BCF262}"
EndProject
Project("{D954291E-2A0B-460D-934E-DC6B0785DB48}") = "HeyMe.Shared", "HeyMe\HeyMe.Shared\HeyMe.Shared.shproj", "{52A823CC-E93A-484A-BFBF-B6671C7EFF58}"
EndProject
Global
	GlobalSection(SharedMSBuildProjectFiles) = preSolution
		HeyMe\HeyMe.Shared\HeyMe.Shared.projitems*{52a823cc-e93a-484a-bfbf-b6671c7eff58}*SharedItemsImports = 13
		HeyMe\HeyMe.Shared\HeyMe.Shared.projitems*{7299d508-6c15-40a9-9a84-0e6a269bf903}*SharedItemsImports = 4
		HeyMe\HeyMe.Shared\HeyMe.Shared.projitems*{f6fb55fe-b98d-4acf-ba2b-51125e5ddf73}*SharedItemsImports = 4
	EndGlobalSection
	GlobalSection(SolutionConfigurationPlatforms) = preSolution
		Ad-Hoc|Any CPU = Ad-Hoc|Any CPU
		Ad-Hoc|ARM = Ad-Hoc|ARM
		Ad-Hoc|iPhone = Ad-Hoc|iPhone
		Ad-Hoc|iPhoneSimulator = Ad-Hoc|iPhoneSimulator
		Ad-Hoc|x64 = Ad-Hoc|x64
		Ad-Hoc|x86 = Ad-Hoc|x86
		AppStore|Any CPU = AppStore|Any CPU
		AppStore|ARM = AppStore|ARM
		AppStore|iPhone = AppStore|iPhone
		AppStore|iPhoneSimulator = AppStore|iPhoneSimulator
		AppStore|x64 = AppStore|x64
		AppStore|x86 = AppStore|x86
		Debug|Any CPU = Debug|Any CPU
		Debug|ARM = Debug|ARM
		Debug|iPhone = Debug|iPhone
		Debug|iPhoneSimulator = Debug|iPhoneSimulator
		Debug|x64 = Debug|x64
		Debug|x86 = Debug|x86
		Release|Any CPU = Release|Any CPU
		Release|ARM = Release|ARM
		Release|iPhone = Release|iPhone
		Release|iPhoneSimulator = Release|iPhoneSimulator
		Release|x64 = Release|x64
		Release|x86 = Release|x86
	EndGlobalSection
	GlobalSection(ProjectConfigurationPlatforms) = postSolution
		{F6FB55FE-B98D-4ACF-BA2B-51125E5DDF73}.Ad-Hoc|Any CPU.ActiveCfg = Release|Any CPU
		{F6FB55FE-B98D-4ACF-BA2B-51125E5DDF73}.Ad-Hoc|Any CPU.Build.0 = Release|Any CPU
		{F6FB55FE-B98D-4ACF-BA2B-51125E5DDF73}.Ad-Hoc|Any CPU.Deploy.0 = Release|Any CPU
		{F6FB55FE-B98D-4ACF-BA2B-51125E5DDF73}.Ad-Hoc|ARM.ActiveCfg = Release|Any CPU
		{F6FB55FE-B98D-4ACF-BA2B-51125E5DDF73}.Ad-Hoc|ARM.Build.0 = Release|Any CPU
		{F6FB55FE-B98D-4ACF-BA2B-51125E5DDF73}.Ad-Hoc|ARM.Deploy.0 = Release|Any CPU
		{F6FB55FE-B98D-4ACF-BA2B-51125E5DDF73}.Ad-Hoc|iPhone.ActiveCfg = Release|Any CPU
		{F6FB55FE-B98D-4ACF-BA2B-51125E5DDF73}.Ad-Hoc|iPhone.Build.0 = Release|Any CPU
		{F6FB55FE-B98D-4ACF-BA2B-51125E5DDF73}.Ad-Hoc|iPhone.Deploy.0 = Release|Any CPU
		{F6FB55FE-B98D-4ACF-BA2B-51125E5DDF73}.Ad-Hoc|iPhoneSimulator.ActiveCfg = Release|Any CPU
		{F6FB55FE-B98D-4ACF-BA2B-51125E5DDF73}.Ad-Hoc|iPhoneSimulator.Build.0 = Release|Any CPU
		{F6FB55FE-B98D-4ACF-BA2B-51125E5DDF73}.Ad-Hoc|iPhoneSimulator.Deploy.0 = Release|Any CPU
		{F6FB55FE-B98D-4ACF-BA2B-51125E5DDF73}.Ad-Hoc|x64.ActiveCfg = Release|Any CPU
		{F6FB55FE-B98D-4ACF-BA2B-51125E5DDF73}.Ad-Hoc|x64.Build.0 = Release|Any CPU
		{F6FB55FE-B98D-4ACF-BA2B-51125E5DDF73}.Ad-Hoc|x64.Deploy.0 = Release|Any CPU
		{F6FB55FE-B98D-4ACF-BA2B-51125E5DDF73}.Ad-Hoc|x86.ActiveCfg = Release|Any CPU
		{F6FB55FE-B98D-4ACF-BA2B-51125E5DDF73}.Ad-Hoc|x86.Build.0 = Release|Any CPU
		{F6FB55FE-B98D-4ACF-BA2B-51125E5DDF73}.Ad-Hoc|x86.Deploy.0 = Release|Any CPU
		{F6FB55FE-B98D-4ACF-BA2B-51125E5DDF73}.AppStore|Any CPU.ActiveCfg = Release|Any CPU
		{F6FB55FE-B98D-4ACF-BA2B-51125E5DDF73}.AppStore|Any CPU.Build.0 = Release|Any CPU
		{F6FB55FE-B98D-4ACF-BA2B-51125E5DDF73}.AppStore|Any CPU.Deploy.0 = Release|Any CPU
		{F6FB55FE-B98D-4ACF-BA2B-51125E5DDF73}.AppStore|ARM.ActiveCfg = Release|Any CPU
		{F6FB55FE-B98D-4ACF-BA2B-51125E5DDF73}.AppStore|ARM.Build.0 = Release|Any CPU
		{F6FB55FE-B98D-4ACF-BA2B-51125E5DDF73}.AppStore|ARM.Deploy.0 = Release|Any CPU
		{F6FB55FE-B98D-4ACF-BA2B-51125E5DDF73}.AppStore|iPhone.ActiveCfg = Release|Any CPU
		{F6FB55FE-B98D-4ACF-BA2B-51125E5DDF73}.AppStore|iPhone.Build.0 = Release|Any CPU
		{F6FB55FE-B98D-4ACF-BA2B-51125E5DDF73}.AppStore|iPhone.Deploy.0 = Release|Any CPU
		{F6FB55FE-B98D-4ACF-BA2B-51125E5DDF73}.AppStore|iPhoneSimulator.ActiveCfg = Release|Any CPU
		{F6FB55FE-B98D-4ACF-BA2B-51125E5DDF73}.AppStore|iPhoneSimulator.Build.0 = Release|Any CPU
		{F6FB55FE-B98D-4ACF-BA2B-51125E5DDF73}.AppStore|iPhoneSimulator.Deploy.0 = Release|Any CPU
		{F6FB55FE-B98D-4ACF-BA2B-51125E5DDF73}.AppStore|x64.ActiveCfg = Release|Any CPU
		{F6FB55FE-B98D-4ACF-BA2B-51125E5DDF73}.AppStore|x64.Build.0 = Release|Any CPU
		{F6FB55FE-B98D-4ACF-BA2B-51125E5DDF73}.AppStore|x64.Deploy.0 = Release|Any CPU
		{F6FB55FE-B98D-4ACF-BA2B-51125E5DDF73}.AppStore|x86.ActiveCfg = Release|Any CPU
		{F6FB55FE-B98D-4ACF-BA2B-51125E5DDF73}.AppStore|x86.Build.0 = Release|Any CPU
		{F6FB55FE-B98D-4ACF-BA2B-51125E5DDF73}.AppStore|x86.Deploy.0 = Release|Any CPU
		{F6FB55FE-B98D-4ACF-BA2B-51125E5DDF73}.Debug|Any CPU.ActiveCfg = Debug|Any CPU
		{F6FB55FE-B98D-4ACF-BA2B-51125E5DDF73}.Debug|Any CPU.Build.0 = Debug|Any CPU
		{F6FB55FE-B98D-4ACF-BA2B-51125E5DDF73}.Debug|Any CPU.Deploy.0 = Debug|Any CPU
		{F6FB55FE-B98D-4ACF-BA2B-51125E5DDF73}.Debug|ARM.ActiveCfg = Debug|Any CPU
		{F6FB55FE-B98D-4ACF-BA2B-51125E5DDF73}.Debug|ARM.Build.0 = Debug|Any CPU
		{F6FB55FE-B98D-4ACF-BA2B-51125E5DDF73}.Debug|ARM.Deploy.0 = Debug|Any CPU
		{F6FB55FE-B98D-4ACF-BA2B-51125E5DDF73}.Debug|iPhone.ActiveCfg = Debug|Any CPU
		{F6FB55FE-B98D-4ACF-BA2B-51125E5DDF73}.Debug|iPhone.Build.0 = Debug|Any CPU
		{F6FB55FE-B98D-4ACF-BA2B-51125E5DDF73}.Debug|iPhone.Deploy.0 = Debug|Any CPU
		{F6FB55FE-B98D-4ACF-BA2B-51125E5DDF73}.Debug|iPhoneSimulator.ActiveCfg = Debug|Any CPU
		{F6FB55FE-B98D-4ACF-BA2B-51125E5DDF73}.Debug|iPhoneSimulator.Build.0 = Debug|Any CPU
		{F6FB55FE-B98D-4ACF-BA2B-51125E5DDF73}.Debug|iPhoneSimulator.Deploy.0 = Debug|Any CPU
		{F6FB55FE-B98D-4ACF-BA2B-51125E5DDF73}.Debug|x64.ActiveCfg = Debug|Any CPU
		{F6FB55FE-B98D-4ACF-BA2B-51125E5DDF73}.Debug|x64.Build.0 = Debug|Any CPU
		{F6FB55FE-B98D-4ACF-BA2B-51125E5DDF73}.Debug|x64.Deploy.0 = Debug|Any CPU
		{F6FB55FE-B98D-4ACF-BA2B-51125E5DDF73}.Debug|x86.ActiveCfg = Debug|Any CPU
		{F6FB55FE-B98D-4ACF-BA2B-51125E5DDF73}.Debug|x86.Build.0 = Debug|Any CPU
		{F6FB55FE-B98D-4ACF-BA2B-51125E5DDF73}.Debug|x86.Deploy.0 = Debug|Any CPU
		{F6FB55FE-B98D-4ACF-BA2B-51125E5DDF73}.Release|Any CPU.ActiveCfg = Release|Any CPU
		{F6FB55FE-B98D-4ACF-BA2B-51125E5DDF73}.Release|Any CPU.Build.0 = Release|Any CPU
		{F6FB55FE-B98D-4ACF-BA2B-51125E5DDF73}.Release|Any CPU.Deploy.0 = Release|Any CPU
		{F6FB55FE-B98D-4ACF-BA2B-51125E5DDF73}.Release|ARM.ActiveCfg = Release|Any CPU
		{F6FB55FE-B98D-4ACF-BA2B-51125E5DDF73}.Release|ARM.Build.0 = Release|Any CPU
		{F6FB55FE-B98D-4ACF-BA2B-51125E5DDF73}.Release|ARM.Deploy.0 = Release|Any CPU
		{F6FB55FE-B98D-4ACF-BA2B-51125E5DDF73}.Release|iPhone.ActiveCfg = Release|Any CPU
		{F6FB55FE-B98D-4ACF-BA2B-51125E5DDF73}.Release|iPhone.Build.0 = Release|Any CPU
		{F6FB55FE-B98D-4ACF-BA2B-51125E5DDF73}.Release|iPhone.Deploy.0 = Release|Any CPU
		{F6FB55FE-B98D-4ACF-BA2B-51125E5DDF73}.Release|iPhoneSimulator.ActiveCfg = Release|Any CPU
		{F6FB55FE-B98D-4ACF-BA2B-51125E5DDF73}.Release|iPhoneSimulator.Build.0 = Release|Any CPU
		{F6FB55FE-B98D-4ACF-BA2B-51125E5DDF73}.Release|iPhoneSimulator.Deploy.0 = Release|Any CPU
		{F6FB55FE-B98D-4ACF-BA2B-51125E5DDF73}.Release|x64.ActiveCfg = Release|Any CPU
		{F6FB55FE-B98D-4ACF-BA2B-51125E5DDF73}.Release|x64.Build.0 = Release|Any CPU
		{F6FB55FE-B98D-4ACF-BA2B-51125E5DDF73}.Release|x64.Deploy.0 = Release|Any CPU
		{F6FB55FE-B98D-4ACF-BA2B-51125E5DDF73}.Release|x86.ActiveCfg = Release|Any CPU
		{F6FB55FE-B98D-4ACF-BA2B-51125E5DDF73}.Release|x86.Build.0 = Release|Any CPU
		{F6FB55FE-B98D-4ACF-BA2B-51125E5DDF73}.Release|x86.Deploy.0 = Release|Any CPU
		{4686794E-669D-46E1-927D-BA0D1E0D611F}.Ad-Hoc|Any CPU.ActiveCfg = Ad-Hoc|iPhone
		{4686794E-669D-46E1-927D-BA0D1E0D611F}.Ad-Hoc|Any CPU.Build.0 = Ad-Hoc|iPhone
		{4686794E-669D-46E1-927D-BA0D1E0D611F}.Ad-Hoc|Any CPU.Deploy.0 = Ad-Hoc|iPhone
		{4686794E-669D-46E1-927D-BA0D1E0D611F}.Ad-Hoc|ARM.ActiveCfg = Ad-Hoc|iPhone
		{4686794E-669D-46E1-927D-BA0D1E0D611F}.Ad-Hoc|ARM.Build.0 = Ad-Hoc|iPhone
		{4686794E-669D-46E1-927D-BA0D1E0D611F}.Ad-Hoc|ARM.Deploy.0 = Ad-Hoc|iPhone
		{4686794E-669D-46E1-927D-BA0D1E0D611F}.Ad-Hoc|iPhone.ActiveCfg = Ad-Hoc|iPhone
		{4686794E-669D-46E1-927D-BA0D1E0D611F}.Ad-Hoc|iPhone.Build.0 = Ad-Hoc|iPhone
		{4686794E-669D-46E1-927D-BA0D1E0D611F}.Ad-Hoc|iPhone.Deploy.0 = Ad-Hoc|iPhone
		{4686794E-669D-46E1-927D-BA0D1E0D611F}.Ad-Hoc|iPhoneSimulator.ActiveCfg = Ad-Hoc|iPhoneSimulator
		{4686794E-669D-46E1-927D-BA0D1E0D611F}.Ad-Hoc|iPhoneSimulator.Build.0 = Ad-Hoc|iPhoneSimulator
		{4686794E-669D-46E1-927D-BA0D1E0D611F}.Ad-Hoc|iPhoneSimulator.Deploy.0 = Ad-Hoc|iPhoneSimulator
		{4686794E-669D-46E1-927D-BA0D1E0D611F}.Ad-Hoc|x64.ActiveCfg = Ad-Hoc|iPhone
		{4686794E-669D-46E1-927D-BA0D1E0D611F}.Ad-Hoc|x64.Build.0 = Ad-Hoc|iPhone
		{4686794E-669D-46E1-927D-BA0D1E0D611F}.Ad-Hoc|x64.Deploy.0 = Ad-Hoc|iPhone
		{4686794E-669D-46E1-927D-BA0D1E0D611F}.Ad-Hoc|x86.ActiveCfg = Ad-Hoc|iPhone
		{4686794E-669D-46E1-927D-BA0D1E0D611F}.Ad-Hoc|x86.Build.0 = Ad-Hoc|iPhone
		{4686794E-669D-46E1-927D-BA0D1E0D611F}.Ad-Hoc|x86.Deploy.0 = Ad-Hoc|iPhone
		{4686794E-669D-46E1-927D-BA0D1E0D611F}.AppStore|Any CPU.ActiveCfg = AppStore|iPhone
		{4686794E-669D-46E1-927D-BA0D1E0D611F}.AppStore|Any CPU.Build.0 = AppStore|iPhone
		{4686794E-669D-46E1-927D-BA0D1E0D611F}.AppStore|Any CPU.Deploy.0 = AppStore|iPhone
		{4686794E-669D-46E1-927D-BA0D1E0D611F}.AppStore|ARM.ActiveCfg = AppStore|iPhone
		{4686794E-669D-46E1-927D-BA0D1E0D611F}.AppStore|ARM.Build.0 = AppStore|iPhone
		{4686794E-669D-46E1-927D-BA0D1E0D611F}.AppStore|ARM.Deploy.0 = AppStore|iPhone
		{4686794E-669D-46E1-927D-BA0D1E0D611F}.AppStore|iPhone.ActiveCfg = AppStore|iPhone
		{4686794E-669D-46E1-927D-BA0D1E0D611F}.AppStore|iPhone.Build.0 = AppStore|iPhone
		{4686794E-669D-46E1-927D-BA0D1E0D611F}.AppStore|iPhone.Deploy.0 = AppStore|iPhone
		{4686794E-669D-46E1-927D-BA0D1E0D611F}.AppStore|iPhoneSimulator.ActiveCfg = AppStore|iPhoneSimulator
		{4686794E-669D-46E1-927D-BA0D1E0D611F}.AppStore|iPhoneSimulator.Build.0 = AppStore|iPhoneSimulator
		{4686794E-669D-46E1-927D-BA0D1E0D611F}.AppStore|iPhoneSimulator.Deploy.0 = AppStore|iPhoneSimulator
		{4686794E-669D-46E1-927D-BA0D1E0D611F}.AppStore|x64.ActiveCfg = AppStore|iPhone
		{4686794E-669D-46E1-927D-BA0D1E0D611F}.AppStore|x64.Build.0 = AppStore|iPhone
		{4686794E-669D-46E1-927D-BA0D1E0D611F}.AppStore|x64.Deploy.0 = AppStore|iPhone
		{4686794E-669D-46E1-927D-BA0D1E0D611F}.AppStore|x86.ActiveCfg = AppStore|iPhone
		{4686794E-669D-46E1-927D-BA0D1E0D611F}.AppStore|x86.Build.0 = AppStore|iPhone
		{4686794E-669D-46E1-927D-BA0D1E0D611F}.AppStore|x86.Deploy.0 = AppStore|iPhone
		{4686794E-669D-46E1-927D-BA0D1E0D611F}.Debug|Any CPU.ActiveCfg = Debug|iPhoneSimulator
		{4686794E-669D-46E1-927D-BA0D1E0D611F}.Debug|Any CPU.Build.0 = Debug|iPhoneSimulator
		{4686794E-669D-46E1-927D-BA0D1E0D611F}.Debug|Any CPU.Deploy.0 = Debug|iPhoneSimulator
		{4686794E-669D-46E1-927D-BA0D1E0D611F}.Debug|ARM.ActiveCfg = Debug|iPhone
		{4686794E-669D-46E1-927D-BA0D1E0D611F}.Debug|ARM.Build.0 = Debug|iPhone
		{4686794E-669D-46E1-927D-BA0D1E0D611F}.Debug|ARM.Deploy.0 = Debug|iPhone
		{4686794E-669D-46E1-927D-BA0D1E0D611F}.Debug|iPhone.ActiveCfg = Debug|iPhone
		{4686794E-669D-46E1-927D-BA0D1E0D611F}.Debug|iPhone.Build.0 = Debug|iPhone
		{4686794E-669D-46E1-927D-BA0D1E0D611F}.Debug|iPhone.Deploy.0 = Debug|iPhone
		{4686794E-669D-46E1-927D-BA0D1E0D611F}.Debug|iPhoneSimulator.ActiveCfg = Debug|iPhoneSimulator
		{4686794E-669D-46E1-927D-BA0D1E0D611F}.Debug|iPhoneSimulator.Build.0 = Debug|iPhoneSimulator
		{4686794E-669D-46E1-927D-BA0D1E0D611F}.Debug|iPhoneSimulator.Deploy.0 = Debug|iPhoneSimulator
		{4686794E-669D-46E1-927D-BA0D1E0D611F}.Debug|x64.ActiveCfg = Debug|iPhone
		{4686794E-669D-46E1-927D-BA0D1E0D611F}.Debug|x64.Build.0 = Debug|iPhone
		{4686794E-669D-46E1-927D-BA0D1E0D611F}.Debug|x64.Deploy.0 = Debug|iPhone
		{4686794E-669D-46E1-927D-BA0D1E0D611F}.Debug|x86.ActiveCfg = Debug|iPhone
		{4686794E-669D-46E1-927D-BA0D1E0D611F}.Debug|x86.Build.0 = Debug|iPhone
		{4686794E-669D-46E1-927D-BA0D1E0D611F}.Debug|x86.Deploy.0 = Debug|iPhone
		{4686794E-669D-46E1-927D-BA0D1E0D611F}.Release|Any CPU.ActiveCfg = Release|iPhone
		{4686794E-669D-46E1-927D-BA0D1E0D611F}.Release|Any CPU.Build.0 = Release|iPhone
		{4686794E-669D-46E1-927D-BA0D1E0D611F}.Release|Any CPU.Deploy.0 = Release|iPhone
		{4686794E-669D-46E1-927D-BA0D1E0D611F}.Release|ARM.ActiveCfg = Release|iPhone
		{4686794E-669D-46E1-927D-BA0D1E0D611F}.Release|ARM.Build.0 = Release|iPhone
		{4686794E-669D-46E1-927D-BA0D1E0D611F}.Release|ARM.Deploy.0 = Release|iPhone
		{4686794E-669D-46E1-927D-BA0D1E0D611F}.Release|iPhone.ActiveCfg = Release|iPhone
		{4686794E-669D-46E1-927D-BA0D1E0D611F}.Release|iPhone.Build.0 = Release|iPhone
		{4686794E-669D-46E1-927D-BA0D1E0D611F}.Release|iPhone.Deploy.0 = Release|iPhone
		{4686794E-669D-46E1-927D-BA0D1E0D611F}.Release|iPhoneSimulator.ActiveCfg = Release|iPhoneSimulator
		{4686794E-669D-46E1-927D-BA0D1E0D611F}.Release|iPhoneSimulator.Build.0 = Release|iPhoneSimulator
		{4686794E-669D-46E1-927D-BA0D1E0D611F}.Release|iPhoneSimulator.Deploy.0 = Release|iPhoneSimulator
		{4686794E-669D-46E1-927D-BA0D1E0D611F}.Release|x64.ActiveCfg = Release|iPhone
		{4686794E-669D-46E1-927D-BA0D1E0D611F}.Release|x64.Build.0 = Release|iPhone
		{4686794E-669D-46E1-927D-BA0D1E0D611F}.Release|x64.Deploy.0 = Release|iPhone
		{4686794E-669D-46E1-927D-BA0D1E0D611F}.Release|x86.ActiveCfg = Release|iPhone
		{4686794E-669D-46E1-927D-BA0D1E0D611F}.Release|x86.Build.0 = Release|iPhone
		{4686794E-669D-46E1-927D-BA0D1E0D611F}.Release|x86.Deploy.0 = Release|iPhone
		{7299D508-6C15-40A9-9A84-0E6A269BF903}.Ad-Hoc|Any CPU.ActiveCfg = Release|x86
		{7299D508-6C15-40A9-9A84-0E6A269BF903}.Ad-Hoc|Any CPU.Build.0 = Release|x86
		{7299D508-6C15-40A9-9A84-0E6A269BF903}.Ad-Hoc|Any CPU.Deploy.0 = Release|x86
		{7299D508-6C15-40A9-9A84-0E6A269BF903}.Ad-Hoc|ARM.ActiveCfg = Release|ARM
		{7299D508-6C15-40A9-9A84-0E6A269BF903}.Ad-Hoc|ARM.Build.0 = Release|ARM
		{7299D508-6C15-40A9-9A84-0E6A269BF903}.Ad-Hoc|ARM.Deploy.0 = Release|ARM
		{7299D508-6C15-40A9-9A84-0E6A269BF903}.Ad-Hoc|iPhone.ActiveCfg = Release|x86
		{7299D508-6C15-40A9-9A84-0E6A269BF903}.Ad-Hoc|iPhone.Build.0 = Release|x86
		{7299D508-6C15-40A9-9A84-0E6A269BF903}.Ad-Hoc|iPhone.Deploy.0 = Release|x86
		{7299D508-6C15-40A9-9A84-0E6A269BF903}.Ad-Hoc|iPhoneSimulator.ActiveCfg = Release|x86
		{7299D508-6C15-40A9-9A84-0E6A269BF903}.Ad-Hoc|iPhoneSimulator.Build.0 = Release|x86
		{7299D508-6C15-40A9-9A84-0E6A269BF903}.Ad-Hoc|iPhoneSimulator.Deploy.0 = Release|x86
		{7299D508-6C15-40A9-9A84-0E6A269BF903}.Ad-Hoc|x64.ActiveCfg = Release|x64
		{7299D508-6C15-40A9-9A84-0E6A269BF903}.Ad-Hoc|x64.Build.0 = Release|x64
		{7299D508-6C15-40A9-9A84-0E6A269BF903}.Ad-Hoc|x64.Deploy.0 = Release|x64
		{7299D508-6C15-40A9-9A84-0E6A269BF903}.Ad-Hoc|x86.ActiveCfg = Release|x86
		{7299D508-6C15-40A9-9A84-0E6A269BF903}.Ad-Hoc|x86.Build.0 = Release|x86
		{7299D508-6C15-40A9-9A84-0E6A269BF903}.Ad-Hoc|x86.Deploy.0 = Release|x86
		{7299D508-6C15-40A9-9A84-0E6A269BF903}.AppStore|Any CPU.ActiveCfg = Release|x86
		{7299D508-6C15-40A9-9A84-0E6A269BF903}.AppStore|Any CPU.Build.0 = Release|x86
		{7299D508-6C15-40A9-9A84-0E6A269BF903}.AppStore|Any CPU.Deploy.0 = Release|x86
		{7299D508-6C15-40A9-9A84-0E6A269BF903}.AppStore|ARM.ActiveCfg = Release|ARM
		{7299D508-6C15-40A9-9A84-0E6A269BF903}.AppStore|ARM.Build.0 = Release|ARM
		{7299D508-6C15-40A9-9A84-0E6A269BF903}.AppStore|ARM.Deploy.0 = Release|ARM
		{7299D508-6C15-40A9-9A84-0E6A269BF903}.AppStore|iPhone.ActiveCfg = Release|x86
		{7299D508-6C15-40A9-9A84-0E6A269BF903}.AppStore|iPhone.Build.0 = Release|x86
		{7299D508-6C15-40A9-9A84-0E6A269BF903}.AppStore|iPhone.Deploy.0 = Release|x86
		{7299D508-6C15-40A9-9A84-0E6A269BF903}.AppStore|iPhoneSimulator.ActiveCfg = Release|x86
		{7299D508-6C15-40A9-9A84-0E6A269BF903}.AppStore|iPhoneSimulator.Build.0 = Release|x86
		{7299D508-6C15-40A9-9A84-0E6A269BF903}.AppStore|iPhoneSimulator.Deploy.0 = Release|x86
		{7299D508-6C15-40A9-9A84-0E6A269BF903}.AppStore|x64.ActiveCfg = Release|x64
		{7299D508-6C15-40A9-9A84-0E6A269BF903}.AppStore|x64.Build.0 = Release|x64
		{7299D508-6C15-40A9-9A84-0E6A269BF903}.AppStore|x64.Deploy.0 = Release|x64
		{7299D508-6C15-40A9-9A84-0E6A269BF903}.AppStore|x86.ActiveCfg = Release|x86
		{7299D508-6C15-40A9-9A84-0E6A269BF903}.AppStore|x86.Build.0 = Release|x86
		{7299D508-6C15-40A9-9A84-0E6A269BF903}.AppStore|x86.Deploy.0 = Release|x86
		{7299D508-6C15-40A9-9A84-0E6A269BF903}.Debug|Any CPU.ActiveCfg = Debug|x86
		{7299D508-6C15-40A9-9A84-0E6A269BF903}.Debug|Any CPU.Build.0 = Debug|x86
		{7299D508-6C15-40A9-9A84-0E6A269BF903}.Debug|Any CPU.Deploy.0 = Debug|x86
		{7299D508-6C15-40A9-9A84-0E6A269BF903}.Debug|ARM.ActiveCfg = Debug|ARM
		{7299D508-6C15-40A9-9A84-0E6A269BF903}.Debug|ARM.Build.0 = Debug|ARM
		{7299D508-6C15-40A9-9A84-0E6A269BF903}.Debug|ARM.Deploy.0 = Debug|ARM
		{7299D508-6C15-40A9-9A84-0E6A269BF903}.Debug|iPhone.ActiveCfg = Debug|x86
		{7299D508-6C15-40A9-9A84-0E6A269BF903}.Debug|iPhone.Build.0 = Debug|x86
		{7299D508-6C15-40A9-9A84-0E6A269BF903}.Debug|iPhone.Deploy.0 = Debug|x86
		{7299D508-6C15-40A9-9A84-0E6A269BF903}.Debug|iPhoneSimulator.ActiveCfg = Debug|x86
		{7299D508-6C15-40A9-9A84-0E6A269BF903}.Debug|iPhoneSimulator.Build.0 = Debug|x86
		{7299D508-6C15-40A9-9A84-0E6A269BF903}.Debug|iPhoneSimulator.Deploy.0 = Debug|x86
		{7299D508-6C15-40A9-9A84-0E6A269BF903}.Debug|x64.ActiveCfg = Debug|x64
		{7299D508-6C15-40A9-9A84-0E6A269BF903}.Debug|x64.Build.0 = Debug|x64
		{7299D508-6C15-40A9-9A84-0E6A269BF903}.Debug|x64.Deploy.0 = Debug|x64
		{7299D508-6C15-40A9-9A84-0E6A269BF903}.Debug|x86.ActiveCfg = Debug|x86
		{7299D508-6C15-40A9-9A84-0E6A269BF903}.Debug|x86.Build.0 = Debug|x86
		{7299D508-6C15-40A9-9A84-0E6A269BF903}.Debug|x86.Deploy.0 = Debug|x86
		{7299D508-6C15-40A9-9A84-0E6A269BF903}.Release|Any CPU.ActiveCfg = Release|x86
		{7299D508-6C15-40A9-9A84-0E6A269BF903}.Release|Any CPU.Build.0 = Release|x86
		{7299D508-6C15-40A9-9A84-0E6A269BF903}.Release|Any CPU.Deploy.0 = Release|x86
		{7299D508-6C15-40A9-9A84-0E6A269BF903}.Release|ARM.ActiveCfg = Release|ARM
		{7299D508-6C15-40A9-9A84-0E6A269BF903}.Release|ARM.Build.0 = Release|ARM
		{7299D508-6C15-40A9-9A84-0E6A269BF903}.Release|ARM.Deploy.0 = Release|ARM
		{7299D508-6C15-40A9-9A84-0E6A269BF903}.Release|iPhone.ActiveCfg = Release|x86
		{7299D508-6C15-40A9-9A84-0E6A269BF903}.Release|iPhone.Build.0 = Release|x86
		{7299D508-6C15-40A9-9A84-0E6A269BF903}.Release|iPhone.Deploy.0 = Release|x86
		{7299D508-6C15-40A9-9A84-0E6A269BF903}.Release|iPhoneSimulator.ActiveCfg = Release|x86
		{7299D508-6C15-40A9-9A84-0E6A269BF903}.Release|iPhoneSimulator.Build.0 = Release|x86
		{7299D508-6C15-40A9-9A84-0E6A269BF903}.Release|iPhoneSimulator.Deploy.0 = Release|x86
		{7299D508-6C15-40A9-9A84-0E6A269BF903}.Release|x64.ActiveCfg = Release|x64
		{7299D508-6C15-40A9-9A84-0E6A269BF903}.Release|x64.Build.0 = Release|x64
		{7299D508-6C15-40A9-9A84-0E6A269BF903}.Release|x64.Deploy.0 = Release|x64
		{7299D508-6C15-40A9-9A84-0E6A269BF903}.Release|x86.ActiveCfg = Release|x86
		{7299D508-6C15-40A9-9A84-0E6A269BF903}.Release|x86.Build.0 = Release|x86
		{7299D508-6C15-40A9-9A84-0E6A269BF903}.Release|x86.Deploy.0 = Release|x86
		{5E079E5E-C234-43A4-A606-094F91BCF262}.Ad-Hoc|Any CPU.ActiveCfg = Debug|Any CPU
		{5E079E5E-C234-43A4-A606-094F91BCF262}.Ad-Hoc|Any CPU.Build.0 = Debug|Any CPU
		{5E079E5E-C234-43A4-A606-094F91BCF262}.Ad-Hoc|Any CPU.Deploy.0 = Debug|Any CPU
		{5E079E5E-C234-43A4-A606-094F91BCF262}.Ad-Hoc|ARM.ActiveCfg = Debug|Any CPU
		{5E079E5E-C234-43A4-A606-094F91BCF262}.Ad-Hoc|ARM.Build.0 = Debug|Any CPU
		{5E079E5E-C234-43A4-A606-094F91BCF262}.Ad-Hoc|ARM.Deploy.0 = Debug|Any CPU
		{5E079E5E-C234-43A4-A606-094F91BCF262}.Ad-Hoc|iPhone.ActiveCfg = Debug|Any CPU
		{5E079E5E-C234-43A4-A606-094F91BCF262}.Ad-Hoc|iPhone.Build.0 = Debug|Any CPU
		{5E079E5E-C234-43A4-A606-094F91BCF262}.Ad-Hoc|iPhone.Deploy.0 = Debug|Any CPU
		{5E079E5E-C234-43A4-A606-094F91BCF262}.Ad-Hoc|iPhoneSimulator.ActiveCfg = Debug|Any CPU
		{5E079E5E-C234-43A4-A606-094F91BCF262}.Ad-Hoc|iPhoneSimulator.Build.0 = Debug|Any CPU
		{5E079E5E-C234-43A4-A606-094F91BCF262}.Ad-Hoc|iPhoneSimulator.Deploy.0 = Debug|Any CPU
		{5E079E5E-C234-43A4-A606-094F91BCF262}.Ad-Hoc|x64.ActiveCfg = Debug|Any CPU
		{5E079E5E-C234-43A4-A606-094F91BCF262}.Ad-Hoc|x64.Build.0 = Debug|Any CPU
		{5E079E5E-C234-43A4-A606-094F91BCF262}.Ad-Hoc|x64.Deploy.0 = Debug|Any CPU
		{5E079E5E-C234-43A4-A606-094F91BCF262}.Ad-Hoc|x86.ActiveCfg = Debug|Any CPU
		{5E079E5E-C234-43A4-A606-094F91BCF262}.Ad-Hoc|x86.Build.0 = Debug|Any CPU
		{5E079E5E-C234-43A4-A606-094F91BCF262}.Ad-Hoc|x86.Deploy.0 = Debug|Any CPU
		{5E079E5E-C234-43A4-A606-094F91BCF262}.AppStore|Any CPU.ActiveCfg = Debug|Any CPU
		{5E079E5E-C234-43A4-A606-094F91BCF262}.AppStore|Any CPU.Build.0 = Debug|Any CPU
		{5E079E5E-C234-43A4-A606-094F91BCF262}.AppStore|Any CPU.Deploy.0 = Debug|Any CPU
		{5E079E5E-C234-43A4-A606-094F91BCF262}.AppStore|ARM.ActiveCfg = Debug|Any CPU
		{5E079E5E-C234-43A4-A606-094F91BCF262}.AppStore|ARM.Build.0 = Debug|Any CPU
		{5E079E5E-C234-43A4-A606-094F91BCF262}.AppStore|ARM.Deploy.0 = Debug|Any CPU
		{5E079E5E-C234-43A4-A606-094F91BCF262}.AppStore|iPhone.ActiveCfg = Debug|Any CPU
		{5E079E5E-C234-43A4-A606-094F91BCF262}.AppStore|iPhone.Build.0 = Debug|Any CPU
		{5E079E5E-C234-43A4-A606-094F91BCF262}.AppStore|iPhone.Deploy.0 = Debug|Any CPU
		{5E079E5E-C234-43A4-A606-094F91BCF262}.AppStore|iPhoneSimulator.ActiveCfg = Debug|Any CPU
		{5E079E5E-C234-43A4-A606-094F91BCF262}.AppStore|iPhoneSimulator.Build.0 = Debug|Any CPU
		{5E079E5E-C234-43A4-A606-094F91BCF262}.AppStore|iPhoneSimulator.Deploy.0 = Debug|Any CPU
		{5E079E5E-C234-43A4-A606-094F91BCF262}.AppStore|x64.ActiveCfg = Debug|Any CPU
		{5E079E5E-C234-43A4-A606-094F91BCF262}.AppStore|x64.Build.0 = Debug|Any CPU
		{5E079E5E-C234-43A4-A606-094F91BCF262}.AppStore|x64.Deploy.0 = Debug|Any CPU
		{5E079E5E-C234-43A4-A606-094F91BCF262}.AppStore|x86.ActiveCfg = Debug|Any CPU
		{5E079E5E-C234-43A4-A606-094F91BCF262}.AppStore|x86.Build.0 = Debug|Any CPU
		{5E079E5E-C234-43A4-A606-094F91BCF262}.AppStore|x86.Deploy.0 = Debug|Any CPU
		{5E079E5E-C234-43A4-A606-094F91BCF262}.Debug|Any CPU.ActiveCfg = Debug|Any CPU
		{5E079E5E-C234-43A4-A606-094F91BCF262}.Debug|Any CPU.Build.0 = Debug|Any CPU
		{5E079E5E-C234-43A4-A606-094F91BCF262}.Debug|Any CPU.Deploy.0 = Debug|Any CPU
		{5E079E5E-C234-43A4-A606-094F91BCF262}.Debug|ARM.ActiveCfg = Debug|Any CPU
		{5E079E5E-C234-43A4-A606-094F91BCF262}.Debug|ARM.Build.0 = Debug|Any CPU
		{5E079E5E-C234-43A4-A606-094F91BCF262}.Debug|ARM.Deploy.0 = Debug|Any CPU
		{5E079E5E-C234-43A4-A606-094F91BCF262}.Debug|iPhone.ActiveCfg = Debug|Any CPU
		{5E079E5E-C234-43A4-A606-094F91BCF262}.Debug|iPhone.Build.0 = Debug|Any CPU
		{5E079E5E-C234-43A4-A606-094F91BCF262}.Debug|iPhone.Deploy.0 = Debug|Any CPU
		{5E079E5E-C234-43A4-A606-094F91BCF262}.Debug|iPhoneSimulator.ActiveCfg = Debug|Any CPU
		{5E079E5E-C234-43A4-A606-094F91BCF262}.Debug|iPhoneSimulator.Build.0 = Debug|Any CPU
		{5E079E5E-C234-43A4-A606-094F91BCF262}.Debug|iPhoneSimulator.Deploy.0 = Debug|Any CPU
		{5E079E5E-C234-43A4-A606-094F91BCF262}.Debug|x64.ActiveCfg = Debug|Any CPU
		{5E079E5E-C234-43A4-A606-094F91BCF262}.Debug|x64.Build.0 = Debug|Any CPU
		{5E079E5E-C234-43A4-A606-094F91BCF262}.Debug|x64.Deploy.0 = Debug|Any CPU
		{5E079E5E-C234-43A4-A606-094F91BCF262}.Debug|x86.ActiveCfg = Debug|Any CPU
		{5E079E5E-C234-43A4-A606-094F91BCF262}.Debug|x86.Build.0 = Debug|Any CPU
		{5E079E5E-C234-43A4-A606-094F91BCF262}.Debug|x86.Deploy.0 = Debug|Any CPU
		{5E079E5E-C234-43A4-A606-094F91BCF262}.Release|Any CPU.ActiveCfg = Release|Any CPU
		{5E079E5E-C234-43A4-A606-094F91BCF262}.Release|Any CPU.Build.0 = Release|Any CPU
		{5E079E5E-C234-43A4-A606-094F91BCF262}.Release|Any CPU.Deploy.0 = Release|Any CPU
		{5E079E5E-C234-43A4-A606-094F91BCF262}.Release|ARM.ActiveCfg = Release|Any CPU
		{5E079E5E-C234-43A4-A606-094F91BCF262}.Release|ARM.Build.0 = Release|Any CPU
		{5E079E5E-C234-43A4-A606-094F91BCF262}.Release|ARM.Deploy.0 = Release|Any CPU
		{5E079E5E-C234-43A4-A606-094F91BCF262}.Release|iPhone.ActiveCfg = Release|Any CPU
		{5E079E5E-C234-43A4-A606-094F91BCF262}.Release|iPhone.Build.0 = Release|Any CPU
		{5E079E5E-C234-43A4-A606-094F91BCF262}.Release|iPhone.Deploy.0 = Release|Any CPU
		{5E079E5E-C234-43A4-A606-094F91BCF262}.Release|iPhoneSimulator.ActiveCfg = Release|Any CPU
		{5E079E5E-C234-43A4-A606-094F91BCF262}.Release|iPhoneSimulator.Build.0 = Release|Any CPU
		{5E079E5E-C234-43A4-A606-094F91BCF262}.Release|iPhoneSimulator.Deploy.0 = Release|Any CPU
		{5E079E5E-C234-43A4-A606-094F91BCF262}.Release|x64.ActiveCfg = Release|Any CPU
		{5E079E5E-C234-43A4-A606-094F91BCF262}.Release|x64.Build.0 = Release|Any CPU
		{5E079E5E-C234-43A4-A606-094F91BCF262}.Release|x64.Deploy.0 = Release|Any CPU
		{5E079E5E-C234-43A4-A606-094F91BCF262}.Release|x86.ActiveCfg = Release|Any CPU
		{5E079E5E-C234-43A4-A606-094F91BCF262}.Release|x86.Build.0 = Release|Any CPU
		{5E079E5E-C234-43A4-A606-094F91BCF262}.Release|x86.Deploy.0 = Release|Any CPU
	EndGlobalSection
	GlobalSection(SolutionProperties) = preSolution
		HideSolutionNode = FALSE
	EndGlobalSection
	GlobalSection(ExtensibilityGlobals) = postSolution
		SolutionGuid = {A688B9FA-1B15-4E14-A9F7-4C560777979C}
	EndGlobalSection
EndGlobal
